{
  "requires": true,
  "lockfileVersion": 1,
  "dependencies": {
    "balanced-match": {
      "version": "1.0.0",
      "resolved": "http://registry.npm.taobao.org/balanced-match/download/balanced-match-1.0.0.tgz",
      "integrity": "sha1-ibTRmasr7kneFk6gK4nORi1xt2c=",
      "dev": true
    },
    "brace-expansion": {
      "version": "1.1.11",
      "resolved": "http://registry.npm.taobao.org/brace-expansion/download/brace-expansion-1.1.11.tgz",
      "integrity": "sha1-PH/L9SnYcibz0vUrlm/1Jx60Qd0=",
      "dev": true,
      "requires": {
        "balanced-match": "^1.0.0",
        "concat-map": "0.0.1"
      }
    },
    "coffeescript": {
      "version": "1.12.7",
      "resolved": "http://registry.npm.taobao.org/coffeescript/download/coffeescript-1.12.7.tgz",
      "integrity": "sha1-5X7kxIZ89/YGv8Sg8tVQwJgd3Sc=",
      "dev": true
    },
    "concat-map": {
      "version": "0.0.1",
      "resolved": "http://registry.npm.taobao.org/concat-map/download/concat-map-0.0.1.tgz",
      "integrity": "sha1-2Klr13/Wjfd5OnMDajug1UBdR3s=",
      "dev": true
    },
    "fs.realpath": {
      "version": "1.0.0",
      "resolved": "http://registry.npm.taobao.org/fs.realpath/download/fs.realpath-1.0.0.tgz",
      "integrity": "sha1-FQStJSMVjKpA20onh8sBQRmU6k8=",
      "dev": true
    },
    "gaze": {
      "version": "1.1.3",
      "resolved": "http://registry.npm.taobao.org/gaze/download/gaze-1.1.3.tgz",
      "integrity": "sha1-xEFzPhO5J6yMD/C0w7Az8ogSkko=",
      "dev": true,
      "requires": {
        "globule": "^1.0.0"
      }
    },
    "glob": {
      "version": "7.1.3",
      "resolved": "http://registry.npm.taobao.org/glob/download/glob-7.1.3.tgz",
      "integrity": "sha1-OWCDLT8VdBCDQtr9OmezMsCWnfE=",
      "dev": true,
      "requires": {
        "fs.realpath": "^1.0.0",
        "inflight": "^1.0.4",
        "inherits": "2",
        "minimatch": "^3.0.4",
        "once": "^1.3.0",
        "path-is-absolute": "^1.0.0"
      }
    },
    "globule": {
      "version": "1.2.1",
      "resolved": "http://registry.npm.taobao.org/globule/download/globule-1.2.1.tgz",
      "integrity": "sha1-Xf+xsZHyLSB5epNptJ6rTpg5aW0=",
      "dev": true,
      "requires": {
        "glob": "~7.1.1",
        "lodash": "~4.17.10",
        "minimatch": "~3.0.2"
      }
    },
    "growl": {
      "version": "1.10.5",
      "resolved": "http://registry.npm.taobao.org/growl/download/growl-1.10.5.tgz",
      "integrity": "sha1-8nNdwig2dPpnR4sQGBBZNVw2nl4=",
      "dev": true
    },
    "inflight": {
      "version": "1.0.6",
      "resolved": "http://registry.npm.taobao.org/inflight/download/inflight-1.0.6.tgz",
      "integrity": "sha1-Sb1jMdfQLQwJvJEKEHW6gWW1bfk=",
      "dev": true,
      "requires": {
        "once": "^1.3.0",
        "wrappy": "1"
      }
    },
    "inherits": {
      "version": "2.0.3",
      "resolved": "http://registry.npm.taobao.org/inherits/download/inherits-2.0.3.tgz",
      "integrity": "sha1-Yzwsg+PaQqUC9SRmAiSA9CCCYd4=",
      "dev": true
    },
    "jasmine": {
      "version": "3.2.0",
      "resolved": "http://registry.npm.taobao.org/jasmine/download/jasmine-3.2.0.tgz",
      "integrity": "sha1-s6AYRUeBgFZQ5GV4gD0I58/dez0=",
      "dev": true,
      "requires": {
        "glob": "^7.0.6",
        "jasmine-core": "~3.2.0"
      }
    },
    "jasmine-core": {
      "version": "3.2.1",
      "resolved": "http://registry.npm.taobao.org/jasmine-core/download/jasmine-core-3.2.1.tgz",
      "integrity": "sha1-jk/1uGFgPugzQ/K0nu5qD/6WUM4=",
      "dev": true
    },
    "jasmine-growl-reporter": {
      "version": "1.0.1",
      "resolved": "http://registry.npm.taobao.org/jasmine-growl-reporter/download/jasmine-growl-reporter-1.0.1.tgz",
      "integrity": "sha1-N1MGzvH79jV615E8oDWKoihdbTk=",
      "dev": true,
      "requires": {
        "growl": "^1.10.2"
      }
    },
    "jasmine-node": {
      "version": "1.16.0",
      "resolved": "http://registry.npm.taobao.org/jasmine-node/download/jasmine-node-1.16.0.tgz",
      "integrity": "sha1-Mj7rbg3kXyw0d6+2h/wlYKHxvkM=",
      "dev": true,
      "requires": {
        "coffeescript": "^1.0.1",
        "gaze": "~1.1.2",
        "jasmine-growl-reporter": "~1.0.1",
        "jasmine-reporters": "~1.0.0",
        "mkdirp": "~0.3.5",
        "requirejs": "^2.3.6",
        "underscore": "^1.9.1",
        "walkdir": "~0.0.12"
      }
    },
    "jasmine-reporters": {
      "version": "1.0.2",
      "resolved": "http://registry.npm.taobao.org/jasmine-reporters/download/jasmine-reporters-1.0.2.tgz",
      "integrity": "sha1-q2E+1Zd9x0h+hbPBL2qOqNsq3jE=",
      "dev": true,
      "requires": {
        "mkdirp": "~0.3.5"
      }
    },
    "lodash": {
      "version": "4.17.10",
      "resolved": "http://registry.npm.taobao.org/lodash/download/lodash-4.17.10.tgz",
      "integrity": "sha1-G3eTz3JZ6jj7NmHU04syYK+K5Oc=",
      "dev": true
    },
    "minimatch": {
      "version": "3.0.4",
      "resolved": "http://registry.npm.taobao.org/minimatch/download/minimatch-3.0.4.tgz",
      "integrity": "sha1-UWbihkV/AzBgZL5Ul+jbsMPTIIM=",
      "dev": true,
      "requires": {
        "brace-expansion": "^1.1.7"
      }
    },
    "mkdirp": {
      "version": "0.3.5",
      "resolved": "http://registry.npm.taobao.org/mkdirp/download/mkdirp-0.3.5.tgz",
      "integrity": "sha1-3j5fiWHIjHh+4TaN+EmsRBPsqNc=",
      "dev": true
    },
    "once": {
      "version": "1.4.0",
      "resolved": "http://registry.npm.taobao.org/once/download/once-1.4.0.tgz",
      "integrity": "sha1-WDsap3WWHUsROsF9nFC6753Xa9E=",
      "dev": true,
      "requires": {
        "wrappy": "1"
      }
    },
    "path-is-absolute": {
      "version": "1.0.1",
      "resolved": "http://registry.npm.taobao.org/path-is-absolute/download/path-is-absolute-1.0.1.tgz",
      "integrity": "sha1-F0uSaHNVNP+8es5r9TpanhtcX18=",
      "dev": true
    },
    "requirejs": {
      "version": "2.3.6",
      "resolved": "http://registry.npm.taobao.org/requirejs/download/requirejs-2.3.6.tgz",
      "integrity": "sha1-5Qk9lgHCgpJRJYwLlEXU0Z+p58k=",
      "dev": true
    },
    "underscore": {
      "version": "1.9.1",
      "resolved": "http://registry.npm.taobao.org/underscore/download/underscore-1.9.1.tgz",
      "integrity": "sha1-BtzjSg5op7q8KbNluOdLiSUgOWE=",
      "dev": true
    },
    "walkdir": {
      "version": "0.0.12",
      "resolved": "http://registry.npm.taobao.org/walkdir/download/walkdir-0.0.12.tgz",
      "integrity": "sha1-LyTxreZKqx5FhZHURCyIaDVukoE=",
      "dev": true
    },
    "wrappy": {
      "version": "1.0.2",
      "resolved": "http://registry.npm.taobao.org/wrappy/download/wrappy-1.0.2.tgz",
      "integrity": "sha1-tSQ9jz7BqjXxNkYFvA0QNuMKtp8=",
      "dev": true
    }
  }
}
